
Microsoft Visual Studio Solution File, Format Version 12.00
# Visual Studio Version 17
VisualStudioVersion = 17.12.35707.178
MinimumVisualStudioVersion = 10.0.40219.1
Project("{FAE04EC0-301F-11D3-BF4B-00C04F79EFBC}") = "WineLotteryApp", "WineLotteryApp\WineLotteryApp.csproj", "{A3DAA87B-D6F9-4B4D-A4B5-CEC7836289FA}"
EndProject
Project("{FAE04EC0-301F-11D3-BF4B-00C04F79EFBC}") = "WineLotteryApp.Domain", "WineLotteryApp.Domain\WineLotteryApp.Domain.csproj", "{0C27DEDA-D754-4F0F-BAC2-D4B00292FEFE}"
EndProject
Global
	GlobalSection(SolutionConfigurationPlatforms) = preSolution
		Debug|Any CPU = Debug|Any CPU
		Release|Any CPU = Release|Any CPU
	EndGlobalSection
	GlobalSection(ProjectConfigurationPlatforms) = postSolution
		{A3DAA87B-D6F9-4B4D-A4B5-CEC7836289FA}.Debug|Any CPU.ActiveCfg = Debug|Any CPU
		{A3DAA87B-D6F9-4B4D-A4B5-CEC7836289FA}.Debug|Any CPU.Build.0 = Debug|Any CPU
		{A3DAA87B-D6F9-4B4D-A4B5-CEC7836289FA}.Release|Any CPU.ActiveCfg = Release|Any CPU
		{A3DAA87B-D6F9-4B4D-A4B5-CEC7836289FA}.Release|Any CPU.Build.0 = Release|Any CPU
		{0C27DEDA-D754-4F0F-BAC2-D4B00292FEFE}.Debug|Any CPU.ActiveCfg = Debug|Any CPU
		{0C27DEDA-D754-4F0F-BAC2-D4B00292FEFE}.Debug|Any CPU.Build.0 = Debug|Any CPU
		{0C27DEDA-D754-4F0F-BAC2-D4B00292FEFE}.Release|Any CPU.ActiveCfg = Release|Any CPU
		{0C27DEDA-D754-4F0F-BAC2-D4B00292FEFE}.Release|Any CPU.Build.0 = Release|Any CPU
	EndGlobalSection
	GlobalSection(SolutionProperties) = preSolution
		HideSolutionNode = FALSE
	EndGlobalSection
EndGlobal
